// !$*UTF8*$!
{
	archiveVersion = 1;
	classes = {
	};
	objectVersion = 56;
	objects = {

/* Begin PBXBuildFile section */
		D453913C2C240DD300E407C8 /* WeatherService.swift in Sources */ = {isa = PBXBuildFile; fileRef = D453913B2C240DD300E407C8 /* WeatherService.swift */; };
		D4B83E212C22BB8800457CC7 /* AppDelegate.swift in Sources */ = {isa = PBXBuildFile; fileRef = D4B83E202C22BB8800457CC7 /* AppDelegate.swift */; };
		D4B83E232C22BB8800457CC7 /* SceneDelegate.swift in Sources */ = {isa = PBXBuildFile; fileRef = D4B83E222C22BB8800457CC7 /* SceneDelegate.swift */; };
		D4B83E252C22BB8800457CC7 /* ViewController.swift in Sources */ = {isa = PBXBuildFile; fileRef = D4B83E242C22BB8800457CC7 /* ViewController.swift */; };
		D4B83E2A2C22BB8A00457CC7 /* Assets.xcassets in Resources */ = {isa = PBXBuildFile; fileRef = D4B83E292C22BB8A00457CC7 /* Assets.xcassets */; };
		D4B83E2D2C22BB8A00457CC7 /* Base in Resources */ = {isa = PBXBuildFile; fileRef = D4B83E2C2C22BB8A00457CC7 /* Base */; };
		D4B83E352C22BDB700457CC7 /* .gitignore in Resources */ = {isa = PBXBuildFile; fileRef = D4B83E342C22BDB700457CC7 /* .gitignore */; };
		D4B83E372C22BDDE00457CC7 /* WeatherAPI.swift in Sources */ = {isa = PBXBuildFile; fileRef = D4B83E362C22BDDE00457CC7 /* WeatherAPI.swift */; };
		D4B83E3A2C22BF1600457CC7 /* SnapKit in Frameworks */ = {isa = PBXBuildFile; productRef = D4B83E392C22BF1600457CC7 /* SnapKit */; };
		D4B83E3D2C22BF1F00457CC7 /* Alamofire in Frameworks */ = {isa = PBXBuildFile; productRef = D4B83E3C2C22BF1F00457CC7 /* Alamofire */; };
		D4B83E3F2C22CEE200457CC7 /* id.swift in Sources */ = {isa = PBXBuildFile; fileRef = D4B83E3E2C22CEE200457CC7 /* id.swift */; };
		D4B83E442C22D0C700457CC7 /* UIImage+Ex.swift in Sources */ = {isa = PBXBuildFile; fileRef = D4B83E432C22D0C700457CC7 /* UIImage+Ex.swift */; };
		D4B83E462C22E09700457CC7 /* Weather.swift in Sources */ = {isa = PBXBuildFile; fileRef = D4B83E452C22E09700457CC7 /* Weather.swift */; };
		D4B83E4A2C2327E700457CC7 /* Kingfisher in Frameworks */ = {isa = PBXBuildFile; productRef = D4B83E492C2327E700457CC7 /* Kingfisher */; };
		D4B83E4C2C232CE000457CC7 /* Double+Ex.swift in Sources */ = {isa = PBXBuildFile; fileRef = D4B83E4B2C232CE000457CC7 /* Double+Ex.swift */; };
/* End PBXBuildFile section */

/* Begin PBXFileReference section */
		D453913B2C240DD300E407C8 /* WeatherService.swift */ = {isa = PBXFileReference; lastKnownFileType = sourcecode.swift; path = WeatherService.swift; sourceTree = "<group>"; };
		D4B83E1D2C22BB8800457CC7 /* WeatherNow.app */ = {isa = PBXFileReference; explicitFileType = wrapper.application; includeInIndex = 0; path = WeatherNow.app; sourceTree = BUILT_PRODUCTS_DIR; };
		D4B83E202C22BB8800457CC7 /* AppDelegate.swift */ = {isa = PBXFileReference; lastKnownFileType = sourcecode.swift; path = AppDelegate.swift; sourceTree = "<group>"; };
		D4B83E222C22BB8800457CC7 /* SceneDelegate.swift */ = {isa = PBXFileReference; lastKnownFileType = sourcecode.swift; path = SceneDelegate.swift; sourceTree = "<group>"; };
		D4B83E242C22BB8800457CC7 /* ViewController.swift */ = {isa = PBXFileReference; lastKnownFileType = sourcecode.swift; path = ViewController.swift; sourceTree = "<group>"; };
		D4B83E292C22BB8A00457CC7 /* Assets.xcassets */ = {isa = PBXFileReference; lastKnownFileType = folder.assetcatalog; path = Assets.xcassets; sourceTree = "<group>"; };
		D4B83E2C2C22BB8A00457CC7 /* Base */ = {isa = PBXFileReference; lastKnownFileType = file.storyboard; name = Base; path = Base.lproj/LaunchScreen.storyboard; sourceTree = "<group>"; };
		D4B83E2E2C22BB8A00457CC7 /* Info.plist */ = {isa = PBXFileReference; lastKnownFileType = text.plist.xml; path = Info.plist; sourceTree = "<group>"; };
		D4B83E342C22BDB700457CC7 /* .gitignore */ = {isa = PBXFileReference; lastKnownFileType = text; path = .gitignore; sourceTree = "<group>"; };
		D4B83E362C22BDDE00457CC7 /* WeatherAPI.swift */ = {isa = PBXFileReference; lastKnownFileType = sourcecode.swift; path = WeatherAPI.swift; sourceTree = "<group>"; };
		D4B83E3E2C22CEE200457CC7 /* id.swift */ = {isa = PBXFileReference; lastKnownFileType = sourcecode.swift; path = id.swift; sourceTree = "<group>"; };
		D4B83E432C22D0C700457CC7 /* UIImage+Ex.swift */ = {isa = PBXFileReference; lastKnownFileType = sourcecode.swift; path = "UIImage+Ex.swift"; sourceTree = "<group>"; };
		D4B83E452C22E09700457CC7 /* Weather.swift */ = {isa = PBXFileReference; lastKnownFileType = sourcecode.swift; path = Weather.swift; sourceTree = "<group>"; };
		D4B83E4B2C232CE000457CC7 /* Double+Ex.swift */ = {isa = PBXFileReference; lastKnownFileType = sourcecode.swift; path = "Double+Ex.swift"; sourceTree = "<group>"; };
/* End PBXFileReference section */

/* Begin PBXFrameworksBuildPhase section */
		D4B83E1A2C22BB8800457CC7 /* Frameworks */ = {
			isa = PBXFrameworksBuildPhase;
			buildActionMask = 2147483647;
			files = (
				D4B83E4A2C2327E700457CC7 /* Kingfisher in Frameworks */,
				D4B83E3A2C22BF1600457CC7 /* SnapKit in Frameworks */,
				D4B83E3D2C22BF1F00457CC7 /* Alamofire in Frameworks */,
			);
			runOnlyForDeploymentPostprocessing = 0;
		};
/* End PBXFrameworksBuildPhase section */

/* Begin PBXGroup section */
		D4B83E142C22BB8800457CC7 = {
			isa = PBXGroup;
			children = (
				D4B83E342C22BDB700457CC7 /* .gitignore */,
				D4B83E1F2C22BB8800457CC7 /* WeatherNow */,
				D4B83E1E2C22BB8800457CC7 /* Products */,
			);
			sourceTree = "<group>";
		};
		D4B83E1E2C22BB8800457CC7 /* Products */ = {
			isa = PBXGroup;
			children = (
				D4B83E1D2C22BB8800457CC7 /* WeatherNow.app */,
			);
			name = Products;
			sourceTree = "<group>";
		};
		D4B83E1F2C22BB8800457CC7 /* WeatherNow */ = {
			isa = PBXGroup;
			children = (
				D4B83E202C22BB8800457CC7 /* AppDelegate.swift */,
				D4B83E222C22BB8800457CC7 /* SceneDelegate.swift */,
				D4B83E242C22BB8800457CC7 /* ViewController.swift */,
				D4B83E472C23172900457CC7 /* Weather */,
				D4B83E422C22D04D00457CC7 /* Extensions */,
				D4B83E292C22BB8A00457CC7 /* Assets.xcassets */,
				D4B83E2B2C22BB8A00457CC7 /* LaunchScreen.storyboard */,
				D4B83E2E2C22BB8A00457CC7 /* Info.plist */,
			);
			path = WeatherNow;
			sourceTree = "<group>";
		};
		D4B83E422C22D04D00457CC7 /* Extensions */ = {
			isa = PBXGroup;
			children = (
				D4B83E432C22D0C700457CC7 /* UIImage+Ex.swift */,
				D4B83E4B2C232CE000457CC7 /* Double+Ex.swift */,
				D4B83E3E2C22CEE200457CC7 /* id.swift */,
			);
			path = Extensions;
			sourceTree = "<group>";
		};
		D4B83E472C23172900457CC7 /* Weather */ = {
			isa = PBXGroup;
			children = (
				D4B83E452C22E09700457CC7 /* Weather.swift */,
				D4B83E362C22BDDE00457CC7 /* WeatherAPI.swift */,
				D453913B2C240DD300E407C8 /* WeatherService.swift */,
			);
			path = Weather;
			sourceTree = "<group>";
		};
/* End PBXGroup section */

/* Begin PBXNativeTarget section */
		D4B83E1C2C22BB8800457CC7 /* WeatherNow */ = {
			isa = PBXNativeTarget;
			buildConfigurationList = D4B83E312C22BB8A00457CC7 /* Build configuration list for PBXNativeTarget "WeatherNow" */;
			buildPhases = (
				D4B83E192C22BB8800457CC7 /* Sources */,
				D4B83E1A2C22BB8800457CC7 /* Frameworks */,
				D4B83E1B2C22BB8800457CC7 /* Resources */,
			);
			buildRules = (
			);
			dependencies = (
			);
			name = WeatherNow;
			packageProductDependencies = (
				D4B83E392C22BF1600457CC7 /* SnapKit */,
				D4B83E3C2C22BF1F00457CC7 /* Alamofire */,
				D4B83E492C2327E700457CC7 /* Kingfisher */,
			);
			productName = WeatherNow;
			productReference = D4B83E1D2C22BB8800457CC7 /* WeatherNow.app */;
			productType = "com.apple.product-type.application";
		};
/* End PBXNativeTarget section */

/* Begin PBXProject section */
		D4B83E152C22BB8800457CC7 /* Project object */ = {
			isa = PBXProject;
			attributes = {
				BuildIndependentTargetsInParallel = 1;
				LastSwiftUpdateCheck = 1540;
				LastUpgradeCheck = 1540;
				TargetAttributes = {
					D4B83E1C2C22BB8800457CC7 = {
						CreatedOnToolsVersion = 15.4;
					};
				};
			};
			buildConfigurationList = D4B83E182C22BB8800457CC7 /* Build configuration list for PBXProject "WeatherNow" */;
			compatibilityVersion = "Xcode 14.0";
			developmentRegion = en;
			hasScannedForEncodings = 0;
			knownRegions = (
				en,
				Base,
			);
			mainGroup = D4B83E142C22BB8800457CC7;
			packageReferences = (
				D4B83E382C22BF1600457CC7 /* XCRemoteSwiftPackageReference "SnapKit" */,
				D4B83E3B2C22BF1F00457CC7 /* XCRemoteSwiftPackageReference "Alamofire" */,
				D4B83E482C2327E700457CC7 /* XCRemoteSwiftPackageReference "Kingfisher" */,
			);
			productRefGroup = D4B83E1E2C22BB8800457CC7 /* Products */;
			projectDirPath = "";
			projectRoot = "";
			targets = (
				D4B83E1C2C22BB8800457CC7 /* WeatherNow */,
			);
		};
/* End PBXProject section */

/* Begin PBXResourcesBuildPhase section */
		D4B83E1B2C22BB8800457CC7 /* Resources */ = {
			isa = PBXResourcesBuildPhase;
			buildActionMask = 2147483647;
			files = (
				D4B83E2A2C22BB8A00457CC7 /* Assets.xcassets in Resources */,
				D4B83E352C22BDB700457CC7 /* .gitignore in Resources */,
				D4B83E2D2C22BB8A00457CC7 /* Base in Resources */,
			);
			runOnlyForDeploymentPostprocessing = 0;
		};
/* End PBXResourcesBuildPhase section */

/* Begin PBXSourcesBuildPhase section */
		D4B83E192C22BB8800457CC7 /* Sources */ = {
			isa = PBXSourcesBuildPhase;
			buildActionMask = 2147483647;
			files = (
				D4B83E462C22E09700457CC7 /* Weather.swift in Sources */,
				D453913C2C240DD300E407C8 /* WeatherService.swift in Sources */,
				D4B83E442C22D0C700457CC7 /* UIImage+Ex.swift in Sources */,
				D4B83E3F2C22CEE200457CC7 /* id.swift in Sources */,
				D4B83E252C22BB8800457CC7 /* ViewController.swift in Sources */,
				D4B83E372C22BDDE00457CC7 /* WeatherAPI.swift in Sources */,
				D4B83E4C2C232CE000457CC7 /* Double+Ex.swift in Sources */,
				D4B83E212C22BB8800457CC7 /* AppDelegate.swift in Sources */,
				D4B83E232C22BB8800457CC7 /* SceneDelegate.swift in Sources */,
			);
			runOnlyForDeploymentPostprocessing = 0;
		};
/* End PBXSourcesBuildPhase section */

/* Begin PBXVariantGroup section */
		D4B83E2B2C22BB8A00457CC7 /* LaunchScreen.storyboard */ = {
			isa = PBXVariantGroup;
			children = (
				D4B83E2C2C22BB8A00457CC7 /* Base */,
			);
			name = LaunchScreen.storyboard;
			sourceTree = "<group>";
		};
/* End PBXVariantGroup section */

/* Begin XCBuildConfiguration section */
		D4B83E2F2C22BB8A00457CC7 /* Debug */ = {
			isa = XCBuildConfiguration;
			buildSettings = {
				ALWAYS_SEARCH_USER_PATHS = NO;
				ASSETCATALOG_COMPILER_GENERATE_SWIFT_ASSET_SYMBOL_EXTENSIONS = YES;
				CLANG_ANALYZER_NONNULL = YES;
				CLANG_ANALYZER_NUMBER_OBJECT_CONVERSION = YES_AGGRESSIVE;
				CLANG_CXX_LANGUAGE_STANDARD = "gnu++20";
				CLANG_ENABLE_MODULES = YES;
				CLANG_ENABLE_OBJC_ARC = YES;
				CLANG_ENABLE_OBJC_WEAK = YES;
				CLANG_WARN_BLOCK_CAPTURE_AUTORELEASING = YES;
				CLANG_WARN_BOOL_CONVERSION = YES;
				CLANG_WARN_COMMA = YES;
				CLANG_WARN_CONSTANT_CONVERSION = YES;
				CLANG_WARN_DEPRECATED_OBJC_IMPLEMENTATIONS = YES;
				CLANG_WARN_DIRECT_OBJC_ISA_USAGE = YES_ERROR;
				CLANG_WARN_DOCUMENTATION_COMMENTS = YES;
				CLANG_WARN_EMPTY_BODY = YES;
				CLANG_WARN_ENUM_CONVERSION = YES;
				CLANG_WARN_INFINITE_RECURSION = YES;
				CLANG_WARN_INT_CONVERSION = YES;
				CLANG_WARN_NON_LITERAL_NULL_CONVERSION = YES;
				CLANG_WARN_OBJC_IMPLICIT_RETAIN_SELF = YES;
				CLANG_WARN_OBJC_LITERAL_CONVERSION = YES;
				CLANG_WARN_OBJC_ROOT_CLASS = YES_ERROR;
				CLANG_WARN_QUOTED_INCLUDE_IN_FRAMEWORK_HEADER = YES;
				CLANG_WARN_RANGE_LOOP_ANALYSIS = YES;
				CLANG_WARN_STRICT_PROTOTYPES = YES;
				CLANG_WARN_SUSPICIOUS_MOVE = YES;
				CLANG_WARN_UNGUARDED_AVAILABILITY = YES_AGGRESSIVE;
				CLANG_WARN_UNREACHABLE_CODE = YES;
				CLANG_WARN__DUPLICATE_METHOD_MATCH = YES;
				COPY_PHASE_STRIP = NO;
				DEBUG_INFORMATION_FORMAT = dwarf;
				ENABLE_STRICT_OBJC_MSGSEND = YES;
				ENABLE_TESTABILITY = YES;
				ENABLE_USER_SCRIPT_SANDBOXING = YES;
				GCC_C_LANGUAGE_STANDARD = gnu17;
				GCC_DYNAMIC_NO_PIC = NO;
				GCC_NO_COMMON_BLOCKS = YES;
				GCC_OPTIMIZATION_LEVEL = 0;
				GCC_PREPROCESSOR_DEFINITIONS = (
					"DEBUG=1",
					"$(inherited)",
				);
				GCC_WARN_64_TO_32_BIT_CONVERSION = YES;
				GCC_WARN_ABOUT_RETURN_TYPE = YES_ERROR;
				GCC_WARN_UNDECLARED_SELECTOR = YES;
				GCC_WARN_UNINITIALIZED_AUTOS = YES_AGGRESSIVE;
				GCC_WARN_UNUSED_FUNCTION = YES;
				GCC_WARN_UNUSED_VARIABLE = YES;
				IPHONEOS_DEPLOYMENT_TARGET = 17.5;
				LOCALIZATION_PREFERS_STRING_CATALOGS = YES;
				MTL_ENABLE_DEBUG_INFO = INCLUDE_SOURCE;
				MTL_FAST_MATH = YES;
				ONLY_ACTIVE_ARCH = YES;
				SDKROOT = iphoneos;
				SWIFT_ACTIVE_COMPILATION_CONDITIONS = "DEBUG $(inherited)";
				SWIFT_OPTIMIZATION_LEVEL = "-Onone";
			};
			name = Debug;
		};
		D4B83E302C22BB8A00457CC7 /* Release */ = {
			isa = XCBuildConfiguration;
			buildSettings = {
				ALWAYS_SEARCH_USER_PATHS = NO;
				ASSETCATALOG_COMPILER_GENERATE_SWIFT_ASSET_SYMBOL_EXTENSIONS = YES;
				CLANG_ANALYZER_NONNULL = YES;
				CLANG_ANALYZER_NUMBER_OBJECT_CONVERSION = YES_AGGRESSIVE;
				CLANG_CXX_LANGUAGE_STANDARD = "gnu++20";
				CLANG_ENABLE_MODULES = YES;
				CLANG_ENABLE_OBJC_ARC = YES;
				CLANG_ENABLE_OBJC_WEAK = YES;
				CLANG_WARN_BLOCK_CAPTURE_AUTORELEASING = YES;
				CLANG_WARN_BOOL_CONVERSION = YES;
				CLANG_WARN_COMMA = YES;
				CLANG_WARN_CONSTANT_CONVERSION = YES;
				CLANG_WARN_DEPRECATED_OBJC_IMPLEMENTATIONS = YES;
				CLANG_WARN_DIRECT_OBJC_ISA_USAGE = YES_ERROR;
				CLANG_WARN_DOCUMENTATION_COMMENTS = YES;
				CLANG_WARN_EMPTY_BODY = YES;
				CLANG_WARN_ENUM_CONVERSION = YES;
				CLANG_WARN_INFINITE_RECURSION = YES;
				CLANG_WARN_INT_CONVERSION = YES;
				CLANG_WARN_NON_LITERAL_NULL_CONVERSION = YES;
				CLANG_WARN_OBJC_IMPLICIT_RETAIN_SELF = YES;
				CLANG_WARN_OBJC_LITERAL_CONVERSION = YES;
				CLANG_WARN_OBJC_ROOT_CLASS = YES_ERROR;
				CLANG_WARN_QUOTED_INCLUDE_IN_FRAMEWORK_HEADER = YES;
				CLANG_WARN_RANGE_LOOP_ANALYSIS = YES;
				CLANG_WARN_STRICT_PROTOTYPES = YES;
				CLANG_WARN_SUSPICIOUS_MOVE = YES;
				CLANG_WARN_UNGUARDED_AVAILABILITY = YES_AGGRESSIVE;
				CLANG_WARN_UNREACHABLE_CODE = YES;
				CLANG_WARN__DUPLICATE_METHOD_MATCH = YES;
				COPY_PHASE_STRIP = NO;
				DEBUG_INFORMATION_FORMAT = "dwarf-with-dsym";
				ENABLE_NS_ASSERTIONS = NO;
				ENABLE_STRICT_OBJC_MSGSEND = YES;
				ENABLE_USER_SCRIPT_SANDBOXING = YES;
				GCC_C_LANGUAGE_STANDARD = gnu17;
				GCC_NO_COMMON_BLOCKS = YES;
				GCC_WARN_64_TO_32_BIT_CONVERSION = YES;
				GCC_WARN_ABOUT_RETURN_TYPE = YES_ERROR;
				GCC_WARN_UNDECLARED_SELECTOR = YES;
				GCC_WARN_UNINITIALIZED_AUTOS = YES_AGGRESSIVE;
				GCC_WARN_UNUSED_FUNCTION = YES;
				GCC_WARN_UNUSED_VARIABLE = YES;
				IPHONEOS_DEPLOYMENT_TARGET = 17.5;
				LOCALIZATION_PREFERS_STRING_CATALOGS = YES;
				MTL_ENABLE_DEBUG_INFO = NO;
				MTL_FAST_MATH = YES;
				SDKROOT = iphoneos;
				SWIFT_COMPILATION_MODE = wholemodule;
				VALIDATE_PRODUCT = YES;
			};
			name = Release;
		};
		D4B83E322C22BB8A00457CC7 /* Debug */ = {
			isa = XCBuildConfiguration;
			buildSettings = {
				ASSETCATALOG_COMPILER_APPICON_NAME = AppIcon;
				ASSETCATALOG_COMPILER_GLOBAL_ACCENT_COLOR_NAME = AccentColor;
				CODE_SIGN_STYLE = Automatic;
				CURRENT_PROJECT_VERSION = 1;
				DEVELOPMENT_TEAM = NWL6WKXWCJ;
				GENERATE_INFOPLIST_FILE = YES;
				INFOPLIST_FILE = WeatherNow/Info.plist;
				INFOPLIST_KEY_UIApplicationSupportsIndirectInputEvents = YES;
				INFOPLIST_KEY_UILaunchStoryboardName = LaunchScreen;
				INFOPLIST_KEY_UISupportedInterfaceOrientations = UIInterfaceOrientationPortrait;
				INFOPLIST_KEY_UISupportedInterfaceOrientations_iPad = UIInterfaceOrientationPortrait;
				IPHONEOS_DEPLOYMENT_TARGET = 15.0;
				LD_RUNPATH_SEARCH_PATHS = (
					"$(inherited)",
					"@executable_path/Frameworks",
				);
				MARKETING_VERSION = 1.0;
				PRODUCT_BUNDLE_IDENTIFIER = com.Ray.WeatherNow;
				PRODUCT_NAME = "$(TARGET_NAME)";
				SUPPORTED_PLATFORMS = "iphoneos iphonesimulator";
				SUPPORTS_MACCATALYST = NO;
				SUPPORTS_MAC_DESIGNED_FOR_IPHONE_IPAD = NO;
				SUPPORTS_XR_DESIGNED_FOR_IPHONE_IPAD = NO;
				SWIFT_EMIT_LOC_STRINGS = YES;
				SWIFT_VERSION = 5.0;
				TARGETED_DEVICE_FAMILY = 1;
			};
			name = Debug;
		};
		D4B83E332C22BB8A00457CC7 /* Release */ = {
			isa = XCBuildConfiguration;
			buildSettings = {
				ASSETCATALOG_COMPILER_APPICON_NAME = AppIcon;
				ASSETCATALOG_COMPILER_GLOBAL_ACCENT_COLOR_NAME = AccentColor;
				CODE_SIGN_STYLE = Automatic;
				CURRENT_PROJECT_VERSION = 1;
				DEVELOPMENT_TEAM = NWL6WKXWCJ;
				GENERATE_INFOPLIST_FILE = YES;
				INFOPLIST_FILE = WeatherNow/Info.plist;
				INFOPLIST_KEY_UIApplicationSupportsIndirectInputEvents = YES;
				INFOPLIST_KEY_UILaunchStoryboardName = LaunchScreen;
				INFOPLIST_KEY_UISupportedInterfaceOrientations = UIInterfaceOrientationPortrait;
				INFOPLIST_KEY_UISupportedInterfaceOrientations_iPad = UIInterfaceOrientationPortrait;
				IPHONEOS_DEPLOYMENT_TARGET = 15.0;
				LD_RUNPATH_SEARCH_PATHS = (
					"$(inherited)",
					"@executable_path/Frameworks",
				);
				MARKETING_VERSION = 1.0;
				PRODUCT_BUNDLE_IDENTIFIER = com.Ray.WeatherNow;
				PRODUCT_NAME = "$(TARGET_NAME)";
				SUPPORTED_PLATFORMS = "iphoneos iphonesimulator";
				SUPPORTS_MACCATALYST = NO;
				SUPPORTS_MAC_DESIGNED_FOR_IPHONE_IPAD = NO;
				SUPPORTS_XR_DESIGNED_FOR_IPHONE_IPAD = NO;
				SWIFT_EMIT_LOC_STRINGS = YES;
				SWIFT_VERSION = 5.0;
				TARGETED_DEVICE_FAMILY = 1;
			};
			name = Release;
		};
/* End XCBuildConfiguration section */

/* Begin XCConfigurationList section */
		D4B83E182C22BB8800457CC7 /* Build configuration list for PBXProject "WeatherNow" */ = {
			isa = XCConfigurationList;
			buildConfigurations = (
				D4B83E2F2C22BB8A00457CC7 /* Debug */,
				D4B83E302C22BB8A00457CC7 /* Release */,
			);
			defaultConfigurationIsVisible = 0;
			defaultConfigurationName = Release;
		};
		D4B83E312C22BB8A00457CC7 /* Build configuration list for PBXNativeTarget "WeatherNow" */ = {
			isa = XCConfigurationList;
			buildConfigurations = (
				D4B83E322C22BB8A00457CC7 /* Debug */,
				D4B83E332C22BB8A00457CC7 /* Release */,
			);
			defaultConfigurationIsVisible = 0;
			defaultConfigurationName = Release;
		};
/* End XCConfigurationList section */

/* Begin XCRemoteSwiftPackageReference section */
		D4B83E382C22BF1600457CC7 /* XCRemoteSwiftPackageReference "SnapKit" */ = {
			isa = XCRemoteSwiftPackageReference;
			repositoryURL = "https://github.com/SnapKit/SnapKit.git";
			requirement = {
				kind = upToNextMajorVersion;
				minimumVersion = 5.7.1;
			};
		};
		D4B83E3B2C22BF1F00457CC7 /* XCRemoteSwiftPackageReference "Alamofire" */ = {
			isa = XCRemoteSwiftPackageReference;
			repositoryURL = "https://github.com/Alamofire/Alamofire.git";
			requirement = {
				kind = upToNextMajorVersion;
				minimumVersion = 5.9.1;
			};
		};
		D4B83E482C2327E700457CC7 /* XCRemoteSwiftPackageReference "Kingfisher" */ = {
			isa = XCRemoteSwiftPackageReference;
			repositoryURL = "https://github.com/onevcat/Kingfisher.git";
			requirement = {
				kind = upToNextMajorVersion;
				minimumVersion = 7.12.0;
			};
		};
/* End XCRemoteSwiftPackageReference section */

/* Begin XCSwiftPackageProductDependency section */
		D4B83E392C22BF1600457CC7 /* SnapKit */ = {
			isa = XCSwiftPackageProductDependency;
			package = D4B83E382C22BF1600457CC7 /* XCRemoteSwiftPackageReference "SnapKit" */;
			productName = SnapKit;
		};
		D4B83E3C2C22BF1F00457CC7 /* Alamofire */ = {
			isa = XCSwiftPackageProductDependency;
			package = D4B83E3B2C22BF1F00457CC7 /* XCRemoteSwiftPackageReference "Alamofire" */;
			productName = Alamofire;
		};
		D4B83E492C2327E700457CC7 /* Kingfisher */ = {
			isa = XCSwiftPackageProductDependency;
			package = D4B83E482C2327E700457CC7 /* XCRemoteSwiftPackageReference "Kingfisher" */;
			productName = Kingfisher;
		};
/* End XCSwiftPackageProductDependency section */
	};
	rootObject = D4B83E152C22BB8800457CC7 /* Project object */;
}
